
Microsoft Visual Studio Solution File, Format Version 12.00
# Visual Studio Version 17
VisualStudioVersion = 17.3.32811.315
MinimumVisualStudioVersion = 10.0.40219.1
Project("{9A19103F-16F7-4668-BE54-9A1E7A4F7556}") = "CleanArqMvc.Domain", "CleanArqMvc.Domain\CleanArqMvc.Domain.csproj", "{91A323A1-8D30-44FF-B97D-365616E824DC}"
EndProject
Project("{9A19103F-16F7-4668-BE54-9A1E7A4F7556}") = "CleanArqMvc.Application", "CleanArqMvc.Application\CleanArqMvc.Application.csproj", "{554F9084-1CD4-4080-8B6D-3B6966019FA3}"
EndProject
Project("{9A19103F-16F7-4668-BE54-9A1E7A4F7556}") = "CleanArqMvc.Infra.Data", "CleanArqMvc.Infra.Data\CleanArqMvc.Infra.Data.csproj", "{3C64190C-80AE-4DA0-AE61-7573D9778320}"
EndProject
Project("{9A19103F-16F7-4668-BE54-9A1E7A4F7556}") = "CleanArqMvc.Infra.IoC", "CleanArqMvc.Infra.IoC\CleanArqMvc.Infra.IoC.csproj", "{040E7B2C-39B3-4AEC-89E9-B4E941EF2741}"
EndProject
Project("{9A19103F-16F7-4668-BE54-9A1E7A4F7556}") = "CleanArqMvc.WebUI", "CleanArqMvc.WebUI\CleanArqMvc.WebUI.csproj", "{30588F40-F12B-4842-BF69-29F0E32177F6}"
EndProject
Project("{9A19103F-16F7-4668-BE54-9A1E7A4F7556}") = "CleanArqMvc.Domain.Tests", "CleanArqMvc.Domain.Tests\CleanArqMvc.Domain.Tests.csproj", "{6A04212C-130B-4C9A-9A3C-9D0B6E12A819}"
EndProject
Global
	GlobalSection(SolutionConfigurationPlatforms) = preSolution
		Debug|Any CPU = Debug|Any CPU
		Release|Any CPU = Release|Any CPU
	EndGlobalSection
	GlobalSection(ProjectConfigurationPlatforms) = postSolution
		{91A323A1-8D30-44FF-B97D-365616E824DC}.Debug|Any CPU.ActiveCfg = Debug|Any CPU
		{91A323A1-8D30-44FF-B97D-365616E824DC}.Debug|Any CPU.Build.0 = Debug|Any CPU
		{91A323A1-8D30-44FF-B97D-365616E824DC}.Release|Any CPU.ActiveCfg = Release|Any CPU
		{91A323A1-8D30-44FF-B97D-365616E824DC}.Release|Any CPU.Build.0 = Release|Any CPU
		{554F9084-1CD4-4080-8B6D-3B6966019FA3}.Debug|Any CPU.ActiveCfg = Debug|Any CPU
		{554F9084-1CD4-4080-8B6D-3B6966019FA3}.Debug|Any CPU.Build.0 = Debug|Any CPU
		{554F9084-1CD4-4080-8B6D-3B6966019FA3}.Release|Any CPU.ActiveCfg = Release|Any CPU
		{554F9084-1CD4-4080-8B6D-3B6966019FA3}.Release|Any CPU.Build.0 = Release|Any CPU
		{3C64190C-80AE-4DA0-AE61-7573D9778320}.Debug|Any CPU.ActiveCfg = Debug|Any CPU
		{3C64190C-80AE-4DA0-AE61-7573D9778320}.Debug|Any CPU.Build.0 = Debug|Any CPU
		{3C64190C-80AE-4DA0-AE61-7573D9778320}.Release|Any CPU.ActiveCfg = Release|Any CPU
		{3C64190C-80AE-4DA0-AE61-7573D9778320}.Release|Any CPU.Build.0 = Release|Any CPU
		{040E7B2C-39B3-4AEC-89E9-B4E941EF2741}.Debug|Any CPU.ActiveCfg = Debug|Any CPU
		{040E7B2C-39B3-4AEC-89E9-B4E941EF2741}.Debug|Any CPU.Build.0 = Debug|Any CPU
		{040E7B2C-39B3-4AEC-89E9-B4E941EF2741}.Release|Any CPU.ActiveCfg = Release|Any CPU
		{040E7B2C-39B3-4AEC-89E9-B4E941EF2741}.Release|Any CPU.Build.0 = Release|Any CPU
		{30588F40-F12B-4842-BF69-29F0E32177F6}.Debug|Any CPU.ActiveCfg = Debug|Any CPU
		{30588F40-F12B-4842-BF69-29F0E32177F6}.Debug|Any CPU.Build.0 = Debug|Any CPU
		{30588F40-F12B-4842-BF69-29F0E32177F6}.Release|Any CPU.ActiveCfg = Release|Any CPU
		{30588F40-F12B-4842-BF69-29F0E32177F6}.Release|Any CPU.Build.0 = Release|Any CPU
		{6A04212C-130B-4C9A-9A3C-9D0B6E12A819}.Debug|Any CPU.ActiveCfg = Debug|Any CPU
		{6A04212C-130B-4C9A-9A3C-9D0B6E12A819}.Debug|Any CPU.Build.0 = Debug|Any CPU
		{6A04212C-130B-4C9A-9A3C-9D0B6E12A819}.Release|Any CPU.ActiveCfg = Release|Any CPU
		{6A04212C-130B-4C9A-9A3C-9D0B6E12A819}.Release|Any CPU.Build.0 = Release|Any CPU
	EndGlobalSection
	GlobalSection(SolutionProperties) = preSolution
		HideSolutionNode = FALSE
	EndGlobalSection
	GlobalSection(ExtensibilityGlobals) = postSolution
		SolutionGuid = {8E71234D-2A65-425D-B14A-5B984370B0E7}
	EndGlobalSection
EndGlobal
